
Microsoft Visual Studio Solution File, Format Version 12.00
# Visual Studio Version 17
VisualStudioVersion = 17.4.33110.190
MinimumVisualStudioVersion = 10.0.40219.1
Project("{9A19103F-16F7-4668-BE54-9A1E7A4F7556}") = "HW_2_1", "HW_2_1\HW_2_1.csproj", "{A3E27A0D-943C-4119-BE17-48032FD95DF6}"
EndProject
Project("{9A19103F-16F7-4668-BE54-9A1E7A4F7556}") = "HW_2_2", "HW_2_2\HW_2_2.csproj", "{11B437F7-BC55-4083-B8A1-8FC0FBF8DB77}"
EndProject
Project("{9A19103F-16F7-4668-BE54-9A1E7A4F7556}") = "HW_2_3", "HW_2_3\HW_2_3.csproj", "{724FC913-1BD8-4A9B-8ED2-EA13925AF003}"
EndProject
Project("{9A19103F-16F7-4668-BE54-9A1E7A4F7556}") = "HW_2_4", "HW_2_4\HW_2_4.csproj", "{E95334E1-DA42-4864-9FAF-C418F6B5D1C0}"
EndProject
Project("{9A19103F-16F7-4668-BE54-9A1E7A4F7556}") = "HW_2_5", "HW_2_5\HW_2_5.csproj", "{663885FA-A50A-4797-8C5C-DD42E59BF326}"
EndProject
Project("{2150E333-8FDC-42A3-9474-1A3956D46DE8}") = "M2", "M2", "{D2C1B501-7223-472B-B727-DE4CBFE50F40}"
EndProject
Project("{2150E333-8FDC-42A3-9474-1A3956D46DE8}") = "M3", "M3", "{77A56DA6-FB06-4A84-8404-CC2907FFC315}"
EndProject
Project("{9A19103F-16F7-4668-BE54-9A1E7A4F7556}") = "HW_3_1", "HW_3_1\HW_3_1.csproj", "{671027E3-7519-4745-BA4F-98669A49F312}"
EndProject
Project("{9A19103F-16F7-4668-BE54-9A1E7A4F7556}") = "HW_3_2", "HW_3_2\HW_3_2.csproj", "{2A721EC9-E9AC-4ABF-9930-5B1A7D7968FA}"
EndProject
Project("{9A19103F-16F7-4668-BE54-9A1E7A4F7556}") = "JNKJCGHCGH", "JNKJCGHCGH\JNKJCGHCGH.csproj", "{CCCC372B-56D7-4A3C-9ACE-97C197A7CB91}"
EndProject
Project("{9A19103F-16F7-4668-BE54-9A1E7A4F7556}") = "HW_3_3", "HW_3_3\HW_3_3.csproj", "{5AFD948E-2F57-4A1A-BDE8-959C3C354EA7}"
EndProject
Project("{9A19103F-16F7-4668-BE54-9A1E7A4F7556}") = "HW_3_4", "HW_3_4\HW_3_4.csproj", "{FFA6CD72-D9B6-4D2F-B143-7319605568FD}"
EndProject
Project("{FAE04EC0-301F-11D3-BF4B-00C04F79EFBC}") = "HW_3_5", "HW_3_5\HW_3_5.csproj", "{0671F24E-36E1-44A8-9659-89FD3D49664A}"
EndProject
Global
	GlobalSection(SolutionConfigurationPlatforms) = preSolution
		Debug|Any CPU = Debug|Any CPU
		Release|Any CPU = Release|Any CPU
	EndGlobalSection
	GlobalSection(ProjectConfigurationPlatforms) = postSolution
		{A3E27A0D-943C-4119-BE17-48032FD95DF6}.Debug|Any CPU.ActiveCfg = Debug|Any CPU
		{A3E27A0D-943C-4119-BE17-48032FD95DF6}.Debug|Any CPU.Build.0 = Debug|Any CPU
		{A3E27A0D-943C-4119-BE17-48032FD95DF6}.Release|Any CPU.ActiveCfg = Release|Any CPU
		{A3E27A0D-943C-4119-BE17-48032FD95DF6}.Release|Any CPU.Build.0 = Release|Any CPU
		{11B437F7-BC55-4083-B8A1-8FC0FBF8DB77}.Debug|Any CPU.ActiveCfg = Debug|Any CPU
		{11B437F7-BC55-4083-B8A1-8FC0FBF8DB77}.Debug|Any CPU.Build.0 = Debug|Any CPU
		{11B437F7-BC55-4083-B8A1-8FC0FBF8DB77}.Release|Any CPU.ActiveCfg = Release|Any CPU
		{11B437F7-BC55-4083-B8A1-8FC0FBF8DB77}.Release|Any CPU.Build.0 = Release|Any CPU
		{724FC913-1BD8-4A9B-8ED2-EA13925AF003}.Debug|Any CPU.ActiveCfg = Debug|Any CPU
		{724FC913-1BD8-4A9B-8ED2-EA13925AF003}.Debug|Any CPU.Build.0 = Debug|Any CPU
		{724FC913-1BD8-4A9B-8ED2-EA13925AF003}.Release|Any CPU.ActiveCfg = Release|Any CPU
		{724FC913-1BD8-4A9B-8ED2-EA13925AF003}.Release|Any CPU.Build.0 = Release|Any CPU
		{E95334E1-DA42-4864-9FAF-C418F6B5D1C0}.Debug|Any CPU.ActiveCfg = Debug|Any CPU
		{E95334E1-DA42-4864-9FAF-C418F6B5D1C0}.Debug|Any CPU.Build.0 = Debug|Any CPU
		{E95334E1-DA42-4864-9FAF-C418F6B5D1C0}.Release|Any CPU.ActiveCfg = Release|Any CPU
		{E95334E1-DA42-4864-9FAF-C418F6B5D1C0}.Release|Any CPU.Build.0 = Release|Any CPU
		{663885FA-A50A-4797-8C5C-DD42E59BF326}.Debug|Any CPU.ActiveCfg = Debug|Any CPU
		{663885FA-A50A-4797-8C5C-DD42E59BF326}.Debug|Any CPU.Build.0 = Debug|Any CPU
		{663885FA-A50A-4797-8C5C-DD42E59BF326}.Release|Any CPU.ActiveCfg = Release|Any CPU
		{663885FA-A50A-4797-8C5C-DD42E59BF326}.Release|Any CPU.Build.0 = Release|Any CPU
		{671027E3-7519-4745-BA4F-98669A49F312}.Debug|Any CPU.ActiveCfg = Debug|Any CPU
		{671027E3-7519-4745-BA4F-98669A49F312}.Debug|Any CPU.Build.0 = Debug|Any CPU
		{671027E3-7519-4745-BA4F-98669A49F312}.Release|Any CPU.ActiveCfg = Release|Any CPU
		{671027E3-7519-4745-BA4F-98669A49F312}.Release|Any CPU.Build.0 = Release|Any CPU
		{2A721EC9-E9AC-4ABF-9930-5B1A7D7968FA}.Debug|Any CPU.ActiveCfg = Debug|Any CPU
		{2A721EC9-E9AC-4ABF-9930-5B1A7D7968FA}.Debug|Any CPU.Build.0 = Debug|Any CPU
		{2A721EC9-E9AC-4ABF-9930-5B1A7D7968FA}.Release|Any CPU.ActiveCfg = Release|Any CPU
		{2A721EC9-E9AC-4ABF-9930-5B1A7D7968FA}.Release|Any CPU.Build.0 = Release|Any CPU
		{CCCC372B-56D7-4A3C-9ACE-97C197A7CB91}.Debug|Any CPU.ActiveCfg = Debug|Any CPU
		{CCCC372B-56D7-4A3C-9ACE-97C197A7CB91}.Debug|Any CPU.Build.0 = Debug|Any CPU
		{CCCC372B-56D7-4A3C-9ACE-97C197A7CB91}.Release|Any CPU.ActiveCfg = Release|Any CPU
		{CCCC372B-56D7-4A3C-9ACE-97C197A7CB91}.Release|Any CPU.Build.0 = Release|Any CPU
		{5AFD948E-2F57-4A1A-BDE8-959C3C354EA7}.Debug|Any CPU.ActiveCfg = Debug|Any CPU
		{5AFD948E-2F57-4A1A-BDE8-959C3C354EA7}.Debug|Any CPU.Build.0 = Debug|Any CPU
		{5AFD948E-2F57-4A1A-BDE8-959C3C354EA7}.Release|Any CPU.ActiveCfg = Release|Any CPU
		{5AFD948E-2F57-4A1A-BDE8-959C3C354EA7}.Release|Any CPU.Build.0 = Release|Any CPU
		{FFA6CD72-D9B6-4D2F-B143-7319605568FD}.Debug|Any CPU.ActiveCfg = Debug|Any CPU
		{FFA6CD72-D9B6-4D2F-B143-7319605568FD}.Debug|Any CPU.Build.0 = Debug|Any CPU
		{FFA6CD72-D9B6-4D2F-B143-7319605568FD}.Release|Any CPU.ActiveCfg = Release|Any CPU
		{FFA6CD72-D9B6-4D2F-B143-7319605568FD}.Release|Any CPU.Build.0 = Release|Any CPU
		{0671F24E-36E1-44A8-9659-89FD3D49664A}.Debug|Any CPU.ActiveCfg = Debug|Any CPU
		{0671F24E-36E1-44A8-9659-89FD3D49664A}.Debug|Any CPU.Build.0 = Debug|Any CPU
		{0671F24E-36E1-44A8-9659-89FD3D49664A}.Release|Any CPU.ActiveCfg = Release|Any CPU
		{0671F24E-36E1-44A8-9659-89FD3D49664A}.Release|Any CPU.Build.0 = Release|Any CPU
	EndGlobalSection
	GlobalSection(SolutionProperties) = preSolution
		HideSolutionNode = FALSE
	EndGlobalSection
	GlobalSection(NestedProjects) = preSolution
		{A3E27A0D-943C-4119-BE17-48032FD95DF6} = {D2C1B501-7223-472B-B727-DE4CBFE50F40}
		{11B437F7-BC55-4083-B8A1-8FC0FBF8DB77} = {D2C1B501-7223-472B-B727-DE4CBFE50F40}
		{724FC913-1BD8-4A9B-8ED2-EA13925AF003} = {D2C1B501-7223-472B-B727-DE4CBFE50F40}
		{E95334E1-DA42-4864-9FAF-C418F6B5D1C0} = {D2C1B501-7223-472B-B727-DE4CBFE50F40}
		{663885FA-A50A-4797-8C5C-DD42E59BF326} = {D2C1B501-7223-472B-B727-DE4CBFE50F40}
		{671027E3-7519-4745-BA4F-98669A49F312} = {77A56DA6-FB06-4A84-8404-CC2907FFC315}
		{2A721EC9-E9AC-4ABF-9930-5B1A7D7968FA} = {77A56DA6-FB06-4A84-8404-CC2907FFC315}
		{CCCC372B-56D7-4A3C-9ACE-97C197A7CB91} = {77A56DA6-FB06-4A84-8404-CC2907FFC315}
		{5AFD948E-2F57-4A1A-BDE8-959C3C354EA7} = {77A56DA6-FB06-4A84-8404-CC2907FFC315}
		{FFA6CD72-D9B6-4D2F-B143-7319605568FD} = {77A56DA6-FB06-4A84-8404-CC2907FFC315}
		{0671F24E-36E1-44A8-9659-89FD3D49664A} = {77A56DA6-FB06-4A84-8404-CC2907FFC315}
	EndGlobalSection
	GlobalSection(ExtensibilityGlobals) = postSolution
		SolutionGuid = {A2DF0037-81FC-4DAE-8B34-153AC0762AF6}
	EndGlobalSection
EndGlobal
